
Microsoft Visual Studio Solution File, Format Version 12.00
# Visual Studio Version 17
VisualStudioVersion = 17.0.31903.59
MinimumVisualStudioVersion = 10.0.40219.1
Project("{2150E333-8FDC-42A3-9474-1A3956D46DE8}") = "src", "src", "{827E0CD3-B72D-47B6-A68D-7590B98EB39B}"
EndProject
Project("{FAE04EC0-301F-11D3-BF4B-00C04F79EFBC}") = "Clipora.App", "src\Clipora.App\Clipora.App.csproj", "{C21DB8F8-13F9-4B39-8862-B83E6218F9D8}"
EndProject
Project("{FAE04EC0-301F-11D3-BF4B-00C04F79EFBC}") = "Clipora.Core", "src\Clipora.Core\Clipora.Core.csproj", "{8401D777-F0B2-4B76-B860-B69E1F1517AF}"
EndProject
Project("{FAE04EC0-301F-11D3-BF4B-00C04F79EFBC}") = "Clipora.FFmpeg", "src\Clipora.FFmpeg\Clipora.FFmpeg.csproj", "{0117BBEC-55E3-4897-B60C-1DD972B37247}"
EndProject
Project("{FAE04EC0-301F-11D3-BF4B-00C04F79EFBC}") = "Clipora.Media", "src\Clipora.Media\Clipora.Media.csproj", "{85413DCD-1D35-46B5-8407-9011FDEDD579}"
EndProject
Project("{FAE04EC0-301F-11D3-BF4B-00C04F79EFBC}") = "Clipora.Shell", "src\Clipora.Shell\Clipora.Shell.csproj", "{DBD03B9A-23DC-49D1-8157-4FCCACB54835}"
EndProject
Project("{2150E333-8FDC-42A3-9474-1A3956D46DE8}") = "tests", "tests", "{0AB3BF05-4346-4AA6-1389-037BE0695223}"
EndProject
Project("{FAE04EC0-301F-11D3-BF4B-00C04F79EFBC}") = "Clipora.Core.Tests", "tests\Clipora.Core.Tests\Clipora.Core.Tests.csproj", "{F2DFC3A0-FE72-4C25-B714-632538DDA6CF}"
EndProject
Project("{FAE04EC0-301F-11D3-BF4B-00C04F79EFBC}") = "Clipora.FFmpeg.Tests", "tests\Clipora.FFmpeg.Tests\Clipora.FFmpeg.Tests.csproj", "{0B0CF6EC-0C68-4291-A211-FD432A256D5A}"
EndProject
Project("{FAE04EC0-301F-11D3-BF4B-00C04F79EFBC}") = "Clipora.Media.Tests", "tests\Clipora.Media.Tests\Clipora.Media.Tests.csproj", "{0BE855B9-957E-484D-9E32-53F71E852A6B}"
EndProject
Project("{FAE04EC0-301F-11D3-BF4B-00C04F79EFBC}") = "Clipora.FFmpeg.TestHost", "tests\Clipora.FFmpeg.TestHost\Clipora.FFmpeg.TestHost.csproj", "{F2C9A9B5-C652-453D-B262-291B17FCCBC5}"
EndProject
Project("{FAE04EC0-301F-11D3-BF4B-00C04F79EFBC}") = "Clipora.Shell.Tests", "tests\Clipora.Shell.Tests\Clipora.Shell.Tests.csproj", "{405A655A-2E30-4C2E-A7A4-E4F151CD6398}"
EndProject
Global
	GlobalSection(SolutionConfigurationPlatforms) = preSolution
		Debug|x64 = Debug|x64
		Release|x64 = Release|x64
	EndGlobalSection
	GlobalSection(ProjectConfigurationPlatforms) = postSolution
		{C21DB8F8-13F9-4B39-8862-B83E6218F9D8}.Debug|x64.ActiveCfg = Debug|x64
		{C21DB8F8-13F9-4B39-8862-B83E6218F9D8}.Debug|x64.Build.0 = Debug|x64
		{C21DB8F8-13F9-4B39-8862-B83E6218F9D8}.Release|x64.ActiveCfg = Release|x64
		{C21DB8F8-13F9-4B39-8862-B83E6218F9D8}.Release|x64.Build.0 = Release|x64
		{8401D777-F0B2-4B76-B860-B69E1F1517AF}.Debug|x64.ActiveCfg = Debug|Any CPU
		{8401D777-F0B2-4B76-B860-B69E1F1517AF}.Debug|x64.Build.0 = Debug|Any CPU
		{8401D777-F0B2-4B76-B860-B69E1F1517AF}.Release|x64.ActiveCfg = Release|Any CPU
		{8401D777-F0B2-4B76-B860-B69E1F1517AF}.Release|x64.Build.0 = Release|Any CPU
		{0117BBEC-55E3-4897-B60C-1DD972B37247}.Debug|x64.ActiveCfg = Debug|Any CPU
		{0117BBEC-55E3-4897-B60C-1DD972B37247}.Debug|x64.Build.0 = Debug|Any CPU
		{0117BBEC-55E3-4897-B60C-1DD972B37247}.Release|x64.ActiveCfg = Release|Any CPU
		{0117BBEC-55E3-4897-B60C-1DD972B37247}.Release|x64.Build.0 = Release|Any CPU
		{85413DCD-1D35-46B5-8407-9011FDEDD579}.Debug|x64.ActiveCfg = Debug|Any CPU
		{85413DCD-1D35-46B5-8407-9011FDEDD579}.Debug|x64.Build.0 = Debug|Any CPU
		{85413DCD-1D35-46B5-8407-9011FDEDD579}.Release|x64.ActiveCfg = Release|Any CPU
		{85413DCD-1D35-46B5-8407-9011FDEDD579}.Release|x64.Build.0 = Release|Any CPU
		{DBD03B9A-23DC-49D1-8157-4FCCACB54835}.Debug|x64.ActiveCfg = Debug|Any CPU
		{DBD03B9A-23DC-49D1-8157-4FCCACB54835}.Debug|x64.Build.0 = Debug|Any CPU
		{DBD03B9A-23DC-49D1-8157-4FCCACB54835}.Release|x64.ActiveCfg = Release|Any CPU
		{DBD03B9A-23DC-49D1-8157-4FCCACB54835}.Release|x64.Build.0 = Release|Any CPU
		{F2DFC3A0-FE72-4C25-B714-632538DDA6CF}.Debug|x64.ActiveCfg = Debug|Any CPU
		{F2DFC3A0-FE72-4C25-B714-632538DDA6CF}.Debug|x64.Build.0 = Debug|Any CPU
		{F2DFC3A0-FE72-4C25-B714-632538DDA6CF}.Release|x64.ActiveCfg = Release|Any CPU
		{F2DFC3A0-FE72-4C25-B714-632538DDA6CF}.Release|x64.Build.0 = Release|Any CPU
		{0B0CF6EC-0C68-4291-A211-FD432A256D5A}.Debug|x64.ActiveCfg = Debug|Any CPU
		{0B0CF6EC-0C68-4291-A211-FD432A256D5A}.Debug|x64.Build.0 = Debug|Any CPU
		{0B0CF6EC-0C68-4291-A211-FD432A256D5A}.Release|x64.ActiveCfg = Release|Any CPU
		{0B0CF6EC-0C68-4291-A211-FD432A256D5A}.Release|x64.Build.0 = Release|Any CPU
		{0BE855B9-957E-484D-9E32-53F71E852A6B}.Debug|x64.ActiveCfg = Debug|Any CPU
		{0BE855B9-957E-484D-9E32-53F71E852A6B}.Debug|x64.Build.0 = Debug|Any CPU
		{0BE855B9-957E-484D-9E32-53F71E852A6B}.Release|x64.ActiveCfg = Release|Any CPU
		{0BE855B9-957E-484D-9E32-53F71E852A6B}.Release|x64.Build.0 = Release|Any CPU
		{F2C9A9B5-C652-453D-B262-291B17FCCBC5}.Debug|x64.ActiveCfg = Debug|Any CPU
		{F2C9A9B5-C652-453D-B262-291B17FCCBC5}.Debug|x64.Build.0 = Debug|Any CPU
		{F2C9A9B5-C652-453D-B262-291B17FCCBC5}.Release|x64.ActiveCfg = Release|Any CPU
		{F2C9A9B5-C652-453D-B262-291B17FCCBC5}.Release|x64.Build.0 = Release|Any CPU
		{405A655A-2E30-4C2E-A7A4-E4F151CD6398}.Debug|x64.ActiveCfg = Debug|Any CPU
		{405A655A-2E30-4C2E-A7A4-E4F151CD6398}.Debug|x64.Build.0 = Debug|Any CPU
		{405A655A-2E30-4C2E-A7A4-E4F151CD6398}.Release|x64.ActiveCfg = Release|Any CPU
		{405A655A-2E30-4C2E-A7A4-E4F151CD6398}.Release|x64.Build.0 = Release|Any CPU
	EndGlobalSection
	GlobalSection(SolutionProperties) = preSolution
		HideSolutionNode = FALSE
	EndGlobalSection
	GlobalSection(NestedProjects) = preSolution
		{C21DB8F8-13F9-4B39-8862-B83E6218F9D8} = {827E0CD3-B72D-47B6-A68D-7590B98EB39B}
		{8401D777-F0B2-4B76-B860-B69E1F1517AF} = {827E0CD3-B72D-47B6-A68D-7590B98EB39B}
		{0117BBEC-55E3-4897-B60C-1DD972B37247} = {827E0CD3-B72D-47B6-A68D-7590B98EB39B}
		{85413DCD-1D35-46B5-8407-9011FDEDD579} = {827E0CD3-B72D-47B6-A68D-7590B98EB39B}
		{DBD03B9A-23DC-49D1-8157-4FCCACB54835} = {827E0CD3-B72D-47B6-A68D-7590B98EB39B}
		{F2DFC3A0-FE72-4C25-B714-632538DDA6CF} = {0AB3BF05-4346-4AA6-1389-037BE0695223}
		{0B0CF6EC-0C68-4291-A211-FD432A256D5A} = {0AB3BF05-4346-4AA6-1389-037BE0695223}
		{0BE855B9-957E-484D-9E32-53F71E852A6B} = {0AB3BF05-4346-4AA6-1389-037BE0695223}
		{F2C9A9B5-C652-453D-B262-291B17FCCBC5} = {0AB3BF05-4346-4AA6-1389-037BE0695223}
		{405A655A-2E30-4C2E-A7A4-E4F151CD6398} = {0AB3BF05-4346-4AA6-1389-037BE0695223}
	EndGlobalSection
EndGlobal
